{
    "_readme": [
        "This file locks the dependencies of your project to a known state",
        "Read more about it at https://getcomposer.org/doc/01-basic-usage.md#installing-dependencies",
        "This file is @generated automatically"
    ],
    "content-hash": "2325cbb71ae08fc32530a00885e02589",
    "packages": [
        {
            "name": "doatkolom/ui",
            "version": "dev-master",
            "dist": {
                "type": "path",
                "url": "./../ui",
                "reference": "12d5ec2a5fafc88b85f0b470dc813ab97c68c65b"
            },
            "type": "library",
            "autoload": {
                "psr-4": {
                    "DoatKolom\\Ui\\": "src/"
                },
                "files": [
                    "src/Helpers/Helper.php"
                ]
            },
            "authors": [
                {
                    "name": "MD AL AMIN",
                    "email": "mdalaminbey@gmail.com"
                }
            ],
            "transport-options": {
                "relative": true
            }
        },
        {
            "name": "doatkolom/wp-commander",
            "version": "dev-master",
            "dist": {
                "type": "path",
                "url": "./../wp-commander",
                "reference": "4a47f46d5b143895f0af3ec973923f99f4f4b409"
            },
            "type": "library",
            "autoload": {
                "psr-4": {
                    "WpCommander\\": "src/"
                },
                "files": [
                    "src/Helpers/Helper.php"
                ]
            },
            "authors": [
                {
                    "name": "MD AL AMIN",
                    "email": "mdalaminbey@gmail.com"
                }
            ],
            "transport-options": {
                "relative": true
            }
        }
    ],
    "packages-dev": [],
    "aliases": [],
    "minimum-stability": "dev",
    "stability-flags": [],
    "prefer-stable": true,
    "prefer-lowest": false,
    "platform": [],
    "platform-dev": [],
    "plugin-api-version": "2.3.0"
}
