{
    "_readme": [
        "This file locks the dependencies of your project to a known state",
        "Read more about it at https://getcomposer.org/doc/01-basic-usage.md#installing-dependencies",
        "This file is @generated automatically"
    ],
    "content-hash": "6b4e5876c86b23dbfe2fd7a39c1c56cb",
    "packages": [
        {
            "name": "doatkolom/ui",
            "version": "dev-master",
            "source": {
                "type": "git",
                "url": "https://github.com/doatkolom/ui.git",
                "reference": "af06eda597b5fc6fe74838ca3ae4eda4dd4b9b92"
            },
            "dist": {
                "type": "zip",
                "url": "https://api.github.com/repos/doatkolom/ui/zipball/af06eda597b5fc6fe74838ca3ae4eda4dd4b9b92",
                "reference": "af06eda597b5fc6fe74838ca3ae4eda4dd4b9b92",
                "shasum": ""
            },
            "default-branch": true,
            "type": "library",
            "autoload": {
                "files": [
                    "src/Helpers/Helper.php"
                ],
                "psr-4": {
                    "DoatKolom\\Ui\\": "src/"
                }
            },
            "notification-url": "https://packagist.org/downloads/",
            "license": [
                "MIT"
            ],
            "authors": [
                {
                    "name": "MD AL AMIN",
                    "email": "mdalaminbey@gmail.com"
                }
            ],
            "support": {
                "issues": "https://github.com/doatkolom/ui/issues",
                "source": "https://github.com/doatkolom/ui/tree/master"
            },
            "time": "2022-12-26T11:55:25+00:00"
        },
        {
            "name": "doatkolom/wp-commander",
            "version": "dev-master",
            "source": {
                "type": "git",
                "url": "https://github.com/doatkolom/wp-commander.git",
                "reference": "f37e0d018de8e4ad557633339f7b1bc2afcebef2"
            },
            "dist": {
                "type": "zip",
                "url": "https://api.github.com/repos/doatkolom/wp-commander/zipball/f37e0d018de8e4ad557633339f7b1bc2afcebef2",
                "reference": "f37e0d018de8e4ad557633339f7b1bc2afcebef2",
                "shasum": ""
            },
            "default-branch": true,
            "type": "library",
            "autoload": {
                "files": [
                    "src/Helpers/Helper.php"
                ],
                "psr-4": {
                    "WpCommander\\": "src/"
                }
            },
            "notification-url": "https://packagist.org/downloads/",
            "license": [
                "MIT"
            ],
            "authors": [
                {
                    "name": "MD AL AMIN",
                    "email": "mdalaminbey@gmail.com"
                }
            ],
            "support": {
                "issues": "https://github.com/doatkolom/wp-commander/issues",
                "source": "https://github.com/doatkolom/wp-commander/tree/master"
            },
            "time": "2022-12-27T12:57:58+00:00"
        }
    ],
    "packages-dev": [],
    "aliases": [],
    "minimum-stability": "dev",
    "stability-flags": [],
    "prefer-stable": true,
    "prefer-lowest": false,
    "platform": [],
    "platform-dev": [],
    "plugin-api-version": "2.3.0"
}
