{
    "_readme": [
        "This file locks the dependencies of your project to a known state",
        "Read more about it at https://getcomposer.org/doc/01-basic-usage.md#installing-dependencies",
        "This file is @generated automatically"
    ],
    "content-hash": "ec6f1ee1d051cd763b3db32b55066017",
    "packages": [
        {
            "name": "doatkolom/ui",
            "version": "dev-master",
            "dist": {
                "type": "path",
                "url": "./../ui",
                "reference": "3be384a572b9209be8262e94f8867d76444738f5"
            },
            "type": "library",
            "autoload": {
                "psr-4": {
                    "DoatKolom\\Ui\\": "src/"
                },
                "files": [
                    "src/Helpers/Helper.php"
                ]
            },
            "license": [
                "MIT"
            ],
            "authors": [
                {
                    "name": "MD AL AMIN",
                    "email": "mdalaminbey@gmail.com"
                }
            ],
            "transport-options": {
                "relative": true
            }
        },
        {
            "name": "doatkolom/wp-commander",
            "version": "dev-master",
            "dist": {
                "type": "path",
                "url": "./../wp-commander",
                "reference": "d44935f38a766a0d2806d82315b58a83d176de97"
            },
            "type": "library",
            "autoload": {
                "psr-4": {
                    "WpCommander\\": "src/"
                },
                "files": [
                    "src/Helpers/Helper.php"
                ]
            },
            "license": [
                "MIT"
            ],
            "authors": [
                {
                    "name": "MD AL AMIN",
                    "email": "mdalaminbey@gmail.com"
                }
            ],
            "transport-options": {
                "relative": true
            }
        }
    ],
    "packages-dev": [],
    "aliases": [],
    "minimum-stability": "dev",
    "stability-flags": [],
    "prefer-stable": true,
    "prefer-lowest": false,
    "platform": [],
    "platform-dev": [],
    "plugin-api-version": "2.3.0"
}
